{
    "name": "shmmap",
    "version": "0.3.1",
    "lockfileVersion": 1,
    "requires": true,
    "dependencies": {
        "bindings": {
            "version": "1.5.0",
            "resolved": "https://registry.npmjs.org/bindings/-/bindings-1.5.0.tgz",
            "integrity": "sha512-p2q/t/mhvuOj/UeLlV6566GD/guowlr0hHxClI0W9m7MWYkL1F0hLo+0Aexs9HSPCtR1SXQ0TD3MMKrXZajbiQ==",
            "requires": {
                "file-uri-to-path": "1.0.0"
            }
        },
        "errno": {
            "version": "0.1.7",
            "resolved": "https://registry.npmjs.org/errno/-/errno-0.1.7.tgz",
            "integrity": "sha512-MfrRBDWzIWifgq6tJj60gkAwtLNb6sQPlcFrSOflcP1aFmmruKQ2wRnze/8V6kgyz7H3FF8Npzv78mZ7XLLflg==",
            "requires": {
                "prr": "~1.0.1"
            }
        },
        "file-uri-to-path": {
            "version": "1.0.0",
            "resolved": "https://registry.npmjs.org/file-uri-to-path/-/file-uri-to-path-1.0.0.tgz",
            "integrity": "sha512-0Zt+s3L7Vf1biwWZ29aARiVYLx7iMGnEUl9x33fbB/j3jR81u/O2LbqK+Bm1CDSNDKVtJ/YjwY7TUd5SkeLQLw=="
        },
        "mmap-io": {
            "version": "1.1.7",
            "resolved": "https://registry.npmjs.org/mmap-io/-/mmap-io-1.1.7.tgz",
            "integrity": "sha512-DSxroCWPHacAnPLpjHlE7ivkABcWrKQBb4bt49msCLmjWgWZoGpmIqaTn4WgkziAttLLRM4nlq2rQS803zr1rw==",
            "requires": {
                "bindings": "^1.5.0",
                "errno": "*",
                "nan": "^2.14.0"
            }
        },
        "nan": {
            "version": "2.14.0",
            "resolved": "https://registry.npmjs.org/nan/-/nan-2.14.0.tgz",
            "integrity": "sha512-INOFj37C7k3AfaNTtX8RhsTw7qRy7eLET14cROi9+5HAVbbHuIWUHEauBv5qT4Av2tWasiTY1Jw6puUNqRJXQg=="
        },
        "prr": {
            "version": "1.0.1",
            "resolved": "https://registry.npmjs.org/prr/-/prr-1.0.1.tgz",
            "integrity": "sha1-0/wRS6BplaRexok/SEzrHXj19HY="
        }
    }
}
