{
    "name": "shmmap",
    "version": "0.2.0",
    "lockfileVersion": 1,
    "requires": true,
    "dependencies": {
        "bindings": {
            "version": "1.3.0",
            "resolved": "https://registry.npmjs.org/bindings/-/bindings-1.3.0.tgz",
            "integrity": "sha512-DpLh5EzMR2kzvX1KIlVC0VkC3iZtHKTgdtZ0a3pglBZdaQFjt5S9g9xd1lE+YvXyfd6mtCeRnrUfOLYiTMlNSw=="
        },
        "deep-is": {
            "version": "0.1.3",
            "resolved": "https://registry.npmjs.org/deep-is/-/deep-is-0.1.3.tgz",
            "integrity": "sha1-s2nW+128E+7PUk+RsHD+7cNXzzQ="
        },
        "fast-levenshtein": {
            "version": "2.0.6",
            "resolved": "https://registry.npmjs.org/fast-levenshtein/-/fast-levenshtein-2.0.6.tgz",
            "integrity": "sha1-PYpcZog6FqMMqGQ+hR8Zuqd5eRc="
        },
        "levn": {
            "version": "0.3.0",
            "resolved": "https://registry.npmjs.org/levn/-/levn-0.3.0.tgz",
            "integrity": "sha1-OwmSTt+fCDwEkP3UwLxEIeBHZO4=",
            "requires": {
                "prelude-ls": "1.1.2",
                "type-check": "0.3.2"
            }
        },
        "livescript": {
            "version": "1.5.0",
            "resolved": "https://registry.npmjs.org/livescript/-/livescript-1.5.0.tgz",
            "integrity": "sha1-T+cSHEEhfkYI4zTrnL4XYuY+VWY=",
            "requires": {
                "optionator": "0.8.2",
                "prelude-ls": "1.1.2",
                "source-map": "0.5.7"
            }
        },
        "mmap-io": {
            "version": "1.0.0",
            "resolved": "https://registry.npmjs.org/mmap-io/-/mmap-io-1.0.0.tgz",
            "integrity": "sha512-7k9bU9Zlg+REIPiCaGCJ8TEcnl3qAhx+yoFeU+6SFT1Eu27v3gEhOMMvto4QZB4jJHQ+mr/v/umqMBFgcMRlqg==",
            "requires": {
                "bindings": "1.3.0",
                "livescript": "1.5.0",
                "nan": "2.8.0"
            }
        },
        "nan": {
            "version": "2.8.0",
            "resolved": "https://registry.npmjs.org/nan/-/nan-2.8.0.tgz",
            "integrity": "sha1-7XFfP+neArV6XmJS2QqWZ14fCFo="
        },
        "optionator": {
            "version": "0.8.2",
            "resolved": "https://registry.npmjs.org/optionator/-/optionator-0.8.2.tgz",
            "integrity": "sha1-NkxeQJ0/TWMB1sC0wFu6UBgK62Q=",
            "requires": {
                "deep-is": "0.1.3",
                "fast-levenshtein": "2.0.6",
                "levn": "0.3.0",
                "prelude-ls": "1.1.2",
                "type-check": "0.3.2",
                "wordwrap": "1.0.0"
            }
        },
        "prelude-ls": {
            "version": "1.1.2",
            "resolved": "https://registry.npmjs.org/prelude-ls/-/prelude-ls-1.1.2.tgz",
            "integrity": "sha1-IZMqVJ9eUv/ZqCf1cOBL5iqX2lQ="
        },
        "source-map": {
            "version": "0.5.7",
            "resolved": "https://registry.npmjs.org/source-map/-/source-map-0.5.7.tgz",
            "integrity": "sha1-igOdLRAh0i0eoUyA2OpGi6LvP8w="
        },
        "type-check": {
            "version": "0.3.2",
            "resolved": "https://registry.npmjs.org/type-check/-/type-check-0.3.2.tgz",
            "integrity": "sha1-WITKtRLPHTVeP7eE8wgEsrUg23I=",
            "requires": {
                "prelude-ls": "1.1.2"
            }
        },
        "wordwrap": {
            "version": "1.0.0",
            "resolved": "https://registry.npmjs.org/wordwrap/-/wordwrap-1.0.0.tgz",
            "integrity": "sha1-J1hIEIkUVqQXHI0CJkQa3pDLyus="
        }
    }
}
